// !$*UTF8*$!
{
	archiveVersion = 1;
	classes = {
	};
	objectVersion = 50;
	objects = {

/* Begin PBXBuildFile section */
		ED01E582253E235B0078AEBC /* TomorrowWeatherTableViewController.swift in Sources */ = {isa = PBXBuildFile; fileRef = ED01E581253E235B0078AEBC /* TomorrowWeatherTableViewController.swift */; };
		ED28432E254763F300F76CF1 /* SettingsTableViewController.swift in Sources */ = {isa = PBXBuildFile; fileRef = ED28432D254763F300F76CF1 /* SettingsTableViewController.swift */; };
		ED48C5AB253E2ECE00AA7589 /* WeatherModelStore.swift in Sources */ = {isa = PBXBuildFile; fileRef = ED48C5AA253E2ECE00AA7589 /* WeatherModelStore.swift */; };
		ED59F7D72559C2A30096D142 /* ResultsTableController.swift in Sources */ = {isa = PBXBuildFile; fileRef = ED59F7D62559C2A30096D142 /* ResultsTableController.swift */; };
		ED62BC0B254C627800450EF6 /* PreferenceSwitchCell.swift in Sources */ = {isa = PBXBuildFile; fileRef = ED62BC09254C627700450EF6 /* PreferenceSwitchCell.swift */; };
		ED62BC0C254C627800450EF6 /* PreferenceSwitchCell.xib in Resources */ = {isa = PBXBuildFile; fileRef = ED62BC0A254C627700450EF6 /* PreferenceSwitchCell.xib */; };
		ED62BC10254C640A00450EF6 /* PreferenceEntryCell.swift in Sources */ = {isa = PBXBuildFile; fileRef = ED62BC0E254C640A00450EF6 /* PreferenceEntryCell.swift */; };
		ED62BC11254C640A00450EF6 /* PreferenceEntryCell.xib in Resources */ = {isa = PBXBuildFile; fileRef = ED62BC0F254C640A00450EF6 /* PreferenceEntryCell.xib */; };
		ED77FA28252A88BF0012DF0B /* AppDelegate.swift in Sources */ = {isa = PBXBuildFile; fileRef = ED77FA27252A88BF0012DF0B /* AppDelegate.swift */; };
		ED77FA2A252A88BF0012DF0B /* SceneDelegate.swift in Sources */ = {isa = PBXBuildFile; fileRef = ED77FA29252A88BF0012DF0B /* SceneDelegate.swift */; };
		ED77FA2C252A88BF0012DF0B /* WeatherViewController.swift in Sources */ = {isa = PBXBuildFile; fileRef = ED77FA2B252A88BF0012DF0B /* WeatherViewController.swift */; };
		ED77FA2F252A88BF0012DF0B /* Main.storyboard in Resources */ = {isa = PBXBuildFile; fileRef = ED77FA2D252A88BF0012DF0B /* Main.storyboard */; };
		ED77FA31252A88C20012DF0B /* Assets.xcassets in Resources */ = {isa = PBXBuildFile; fileRef = ED77FA30252A88C20012DF0B /* Assets.xcassets */; };
		ED77FA34252A88C20012DF0B /* LaunchScreen.storyboard in Resources */ = {isa = PBXBuildFile; fileRef = ED77FA32252A88C20012DF0B /* LaunchScreen.storyboard */; };
		ED99E6CF2538B844006A3509 /* HourlyWeatherCell.swift in Sources */ = {isa = PBXBuildFile; fileRef = ED99E6CD2538B843006A3509 /* HourlyWeatherCell.swift */; };
		ED99E6D02538B844006A3509 /* HourlyWeatherCell.xib in Resources */ = {isa = PBXBuildFile; fileRef = ED99E6CE2538B844006A3509 /* HourlyWeatherCell.xib */; };
		EDB9FDA82530E8CF003C7AB6 /* WeatherManager.swift in Sources */ = {isa = PBXBuildFile; fileRef = EDB9FDA72530E8CF003C7AB6 /* WeatherManager.swift */; };
		EDB9FDAC2530FD27003C7AB6 /* WeatherData.swift in Sources */ = {isa = PBXBuildFile; fileRef = EDB9FDAB2530FD27003C7AB6 /* WeatherData.swift */; };
		EDB9FDB025310365003C7AB6 /* WeatherModel.swift in Sources */ = {isa = PBXBuildFile; fileRef = EDB9FDAF25310365003C7AB6 /* WeatherModel.swift */; };
		EDD06960254C6680008DF6A2 /* SettingsModel.swift in Sources */ = {isa = PBXBuildFile; fileRef = EDD0695F254C6680008DF6A2 /* SettingsModel.swift */; };
		EDD06964254C8707008DF6A2 /* runTime.xcdatamodeld in Sources */ = {isa = PBXBuildFile; fileRef = EDD06962254C8707008DF6A2 /* runTime.xcdatamodeld */; };
		EDFE70D5255099830011EB30 /* SettingsModelStore.swift in Sources */ = {isa = PBXBuildFile; fileRef = EDFE70D4255099830011EB30 /* SettingsModelStore.swift */; };
		EDFE70DA255336940011EB30 /* LocationData.swift in Sources */ = {isa = PBXBuildFile; fileRef = EDFE70D9255336940011EB30 /* LocationData.swift */; };
		EDFE70DD255337880011EB30 /* CitySearchManager.swift in Sources */ = {isa = PBXBuildFile; fileRef = EDFE70DC255337880011EB30 /* CitySearchManager.swift */; };
		EDFE70E0255338370011EB30 /* LocationModel.swift in Sources */ = {isa = PBXBuildFile; fileRef = EDFE70DF255338370011EB30 /* LocationModel.swift */; };
/* End PBXBuildFile section */

/* Begin PBXFileReference section */
		ED01E581253E235B0078AEBC /* TomorrowWeatherTableViewController.swift */ = {isa = PBXFileReference; lastKnownFileType = sourcecode.swift; path = TomorrowWeatherTableViewController.swift; sourceTree = "<group>"; };
		ED28432D254763F300F76CF1 /* SettingsTableViewController.swift */ = {isa = PBXFileReference; lastKnownFileType = sourcecode.swift; name = SettingsTableViewController.swift; path = runTime/View/SettingsTableViewController.swift; sourceTree = SOURCE_ROOT; };
		ED48C5AA253E2ECE00AA7589 /* WeatherModelStore.swift */ = {isa = PBXFileReference; lastKnownFileType = sourcecode.swift; path = WeatherModelStore.swift; sourceTree = "<group>"; };
		ED59F7D62559C2A30096D142 /* ResultsTableController.swift */ = {isa = PBXFileReference; lastKnownFileType = sourcecode.swift; path = ResultsTableController.swift; sourceTree = "<group>"; };
		ED62BC09254C627700450EF6 /* PreferenceSwitchCell.swift */ = {isa = PBXFileReference; lastKnownFileType = sourcecode.swift; path = PreferenceSwitchCell.swift; sourceTree = "<group>"; };
		ED62BC0A254C627700450EF6 /* PreferenceSwitchCell.xib */ = {isa = PBXFileReference; lastKnownFileType = file.xib; path = PreferenceSwitchCell.xib; sourceTree = "<group>"; };
		ED62BC0E254C640A00450EF6 /* PreferenceEntryCell.swift */ = {isa = PBXFileReference; lastKnownFileType = sourcecode.swift; path = PreferenceEntryCell.swift; sourceTree = "<group>"; };
		ED62BC0F254C640A00450EF6 /* PreferenceEntryCell.xib */ = {isa = PBXFileReference; lastKnownFileType = file.xib; path = PreferenceEntryCell.xib; sourceTree = "<group>"; };
		ED77FA24252A88BF0012DF0B /* runTime.app */ = {isa = PBXFileReference; explicitFileType = wrapper.application; includeInIndex = 0; path = runTime.app; sourceTree = BUILT_PRODUCTS_DIR; };
		ED77FA27252A88BF0012DF0B /* AppDelegate.swift */ = {isa = PBXFileReference; lastKnownFileType = sourcecode.swift; path = AppDelegate.swift; sourceTree = "<group>"; };
		ED77FA29252A88BF0012DF0B /* SceneDelegate.swift */ = {isa = PBXFileReference; lastKnownFileType = sourcecode.swift; path = SceneDelegate.swift; sourceTree = "<group>"; };
		ED77FA2B252A88BF0012DF0B /* WeatherViewController.swift */ = {isa = PBXFileReference; lastKnownFileType = sourcecode.swift; path = WeatherViewController.swift; sourceTree = "<group>"; };
		ED77FA2E252A88BF0012DF0B /* Base */ = {isa = PBXFileReference; lastKnownFileType = file.storyboard; name = Base; path = Base.lproj/Main.storyboard; sourceTree = "<group>"; };
		ED77FA30252A88C20012DF0B /* Assets.xcassets */ = {isa = PBXFileReference; lastKnownFileType = folder.assetcatalog; path = Assets.xcassets; sourceTree = "<group>"; };
		ED77FA33252A88C20012DF0B /* Base */ = {isa = PBXFileReference; lastKnownFileType = file.storyboard; name = Base; path = Base.lproj/LaunchScreen.storyboard; sourceTree = "<group>"; };
		ED77FA35252A88C20012DF0B /* Info.plist */ = {isa = PBXFileReference; lastKnownFileType = text.plist.xml; path = Info.plist; sourceTree = "<group>"; };
		ED99E6CD2538B843006A3509 /* HourlyWeatherCell.swift */ = {isa = PBXFileReference; lastKnownFileType = sourcecode.swift; path = HourlyWeatherCell.swift; sourceTree = "<group>"; };
		ED99E6CE2538B844006A3509 /* HourlyWeatherCell.xib */ = {isa = PBXFileReference; lastKnownFileType = file.xib; path = HourlyWeatherCell.xib; sourceTree = "<group>"; };
		EDB9FDA72530E8CF003C7AB6 /* WeatherManager.swift */ = {isa = PBXFileReference; lastKnownFileType = sourcecode.swift; path = WeatherManager.swift; sourceTree = "<group>"; };
		EDB9FDAB2530FD27003C7AB6 /* WeatherData.swift */ = {isa = PBXFileReference; lastKnownFileType = sourcecode.swift; path = WeatherData.swift; sourceTree = "<group>"; };
		EDB9FDAF25310365003C7AB6 /* WeatherModel.swift */ = {isa = PBXFileReference; lastKnownFileType = sourcecode.swift; path = WeatherModel.swift; sourceTree = "<group>"; };
		EDD0695F254C6680008DF6A2 /* SettingsModel.swift */ = {isa = PBXFileReference; lastKnownFileType = sourcecode.swift; name = SettingsModel.swift; path = runTime/View/SettingsModel.swift; sourceTree = SOURCE_ROOT; };
		EDD06963254C8707008DF6A2 /* Settings.xcdatamodel */ = {isa = PBXFileReference; lastKnownFileType = wrapper.xcdatamodel; path = Settings.xcdatamodel; sourceTree = "<group>"; };
		EDFE70D4255099830011EB30 /* SettingsModelStore.swift */ = {isa = PBXFileReference; lastKnownFileType = sourcecode.swift; path = SettingsModelStore.swift; sourceTree = "<group>"; };
		EDFE70D9255336940011EB30 /* LocationData.swift */ = {isa = PBXFileReference; lastKnownFileType = sourcecode.swift; path = LocationData.swift; sourceTree = "<group>"; };
		EDFE70DC255337880011EB30 /* CitySearchManager.swift */ = {isa = PBXFileReference; lastKnownFileType = sourcecode.swift; path = CitySearchManager.swift; sourceTree = "<group>"; };
		EDFE70DF255338370011EB30 /* LocationModel.swift */ = {isa = PBXFileReference; lastKnownFileType = sourcecode.swift; path = LocationModel.swift; sourceTree = "<group>"; };
/* End PBXFileReference section */

/* Begin PBXFrameworksBuildPhase section */
		ED77FA21252A88BF0012DF0B /* Frameworks */ = {
			isa = PBXFrameworksBuildPhase;
			buildActionMask = 2147483647;
			files = (
			);
			runOnlyForDeploymentPostprocessing = 0;
		};
/* End PBXFrameworksBuildPhase section */

/* Begin PBXGroup section */
		ED77FA1B252A88BF0012DF0B = {
			isa = PBXGroup;
			children = (
				ED77FA26252A88BF0012DF0B /* runTime */,
				ED77FA25252A88BF0012DF0B /* Products */,
			);
			sourceTree = "<group>";
		};
		ED77FA25252A88BF0012DF0B /* Products */ = {
			isa = PBXGroup;
			children = (
				ED77FA24252A88BF0012DF0B /* runTime.app */,
			);
			name = Products;
			sourceTree = "<group>";
		};
		ED77FA26252A88BF0012DF0B /* runTime */ = {
			isa = PBXGroup;
			children = (
				EDFE1ECD253899E800F5A7A5 /* Model */,
				EDFE1ECC253899DD00F5A7A5 /* View */,
				EDFE1ECB253899C100F5A7A5 /* Controller */,
				ED77FA27252A88BF0012DF0B /* AppDelegate.swift */,
				EDD06962254C8707008DF6A2 /* runTime.xcdatamodeld */,
				ED77FA29252A88BF0012DF0B /* SceneDelegate.swift */,
				ED77FA30252A88C20012DF0B /* Assets.xcassets */,
				ED77FA32252A88C20012DF0B /* LaunchScreen.storyboard */,
				ED77FA35252A88C20012DF0B /* Info.plist */,
			);
			path = runTime;
			sourceTree = "<group>";
		};
		EDFE1ECB253899C100F5A7A5 /* Controller */ = {
			isa = PBXGroup;
			children = (
				ED28432D254763F300F76CF1 /* SettingsTableViewController.swift */,
				ED01E581253E235B0078AEBC /* TomorrowWeatherTableViewController.swift */,
				ED77FA2B252A88BF0012DF0B /* WeatherViewController.swift */,
				ED59F7D62559C2A30096D142 /* ResultsTableController.swift */,
			);
			path = Controller;
			sourceTree = "<group>";
		};
		EDFE1ECC253899DD00F5A7A5 /* View */ = {
			isa = PBXGroup;
			children = (
				ED99E6CD2538B843006A3509 /* HourlyWeatherCell.swift */,
				ED99E6CE2538B844006A3509 /* HourlyWeatherCell.xib */,
				ED62BC09254C627700450EF6 /* PreferenceSwitchCell.swift */,
				ED62BC0A254C627700450EF6 /* PreferenceSwitchCell.xib */,
				ED62BC0E254C640A00450EF6 /* PreferenceEntryCell.swift */,
				ED62BC0F254C640A00450EF6 /* PreferenceEntryCell.xib */,
				ED77FA2D252A88BF0012DF0B /* Main.storyboard */,
			);
			path = View;
			sourceTree = "<group>";
		};
		EDFE1ECD253899E800F5A7A5 /* Model */ = {
			isa = PBXGroup;
			children = (
				EDD0695F254C6680008DF6A2 /* SettingsModel.swift */,
				EDFE70D4255099830011EB30 /* SettingsModelStore.swift */,
				EDB9FDAF25310365003C7AB6 /* WeatherModel.swift */,
				ED48C5AA253E2ECE00AA7589 /* WeatherModelStore.swift */,
				EDB9FDA72530E8CF003C7AB6 /* WeatherManager.swift */,
				EDB9FDAB2530FD27003C7AB6 /* WeatherData.swift */,
				EDFE70DC255337880011EB30 /* CitySearchManager.swift */,
				EDFE70D9255336940011EB30 /* LocationData.swift */,
				EDFE70DF255338370011EB30 /* LocationModel.swift */,
			);
			path = Model;
			sourceTree = "<group>";
		};
/* End PBXGroup section */

/* Begin PBXNativeTarget section */
		ED77FA23252A88BF0012DF0B /* runTime */ = {
			isa = PBXNativeTarget;
			buildConfigurationList = ED77FA38252A88C20012DF0B /* Build configuration list for PBXNativeTarget "runTime" */;
			buildPhases = (
				ED77FA20252A88BF0012DF0B /* Sources */,
				ED77FA21252A88BF0012DF0B /* Frameworks */,
				ED77FA22252A88BF0012DF0B /* Resources */,
			);
			buildRules = (
			);
			dependencies = (
			);
			name = runTime;
			productName = runTime;
			productReference = ED77FA24252A88BF0012DF0B /* runTime.app */;
			productType = "com.apple.product-type.application";
		};
/* End PBXNativeTarget section */

/* Begin PBXProject section */
		ED77FA1C252A88BF0012DF0B /* Project object */ = {
			isa = PBXProject;
			attributes = {
				LastSwiftUpdateCheck = 1200;
				LastUpgradeCheck = 1200;
				TargetAttributes = {
					ED77FA23252A88BF0012DF0B = {
						CreatedOnToolsVersion = 12.0.1;
					};
				};
			};
			buildConfigurationList = ED77FA1F252A88BF0012DF0B /* Build configuration list for PBXProject "runTime" */;
			compatibilityVersion = "Xcode 9.3";
			developmentRegion = en;
			hasScannedForEncodings = 0;
			knownRegions = (
				en,
				Base,
			);
			mainGroup = ED77FA1B252A88BF0012DF0B;
			productRefGroup = ED77FA25252A88BF0012DF0B /* Products */;
			projectDirPath = "";
			projectRoot = "";
			targets = (
				ED77FA23252A88BF0012DF0B /* runTime */,
			);
		};
/* End PBXProject section */

/* Begin PBXResourcesBuildPhase section */
		ED77FA22252A88BF0012DF0B /* Resources */ = {
			isa = PBXResourcesBuildPhase;
			buildActionMask = 2147483647;
			files = (
				ED77FA34252A88C20012DF0B /* LaunchScreen.storyboard in Resources */,
				ED99E6D02538B844006A3509 /* HourlyWeatherCell.xib in Resources */,
				ED77FA31252A88C20012DF0B /* Assets.xcassets in Resources */,
				ED62BC0C254C627800450EF6 /* PreferenceSwitchCell.xib in Resources */,
				ED77FA2F252A88BF0012DF0B /* Main.storyboard in Resources */,
				ED62BC11254C640A00450EF6 /* PreferenceEntryCell.xib in Resources */,
			);
			runOnlyForDeploymentPostprocessing = 0;
		};
/* End PBXResourcesBuildPhase section */

/* Begin PBXSourcesBuildPhase section */
		ED77FA20252A88BF0012DF0B /* Sources */ = {
			isa = PBXSourcesBuildPhase;
			buildActionMask = 2147483647;
			files = (
				ED59F7D72559C2A30096D142 /* ResultsTableController.swift in Sources */,
				EDFE70DA255336940011EB30 /* LocationData.swift in Sources */,
				ED99E6CF2538B844006A3509 /* HourlyWeatherCell.swift in Sources */,
				ED77FA2C252A88BF0012DF0B /* WeatherViewController.swift in Sources */,
				EDD06964254C8707008DF6A2 /* runTime.xcdatamodeld in Sources */,
				EDFE70E0255338370011EB30 /* LocationModel.swift in Sources */,
				EDB9FDAC2530FD27003C7AB6 /* WeatherData.swift in Sources */,
				EDFE70DD255337880011EB30 /* CitySearchManager.swift in Sources */,
				ED01E582253E235B0078AEBC /* TomorrowWeatherTableViewController.swift in Sources */,
				EDFE70D5255099830011EB30 /* SettingsModelStore.swift in Sources */,
				ED77FA28252A88BF0012DF0B /* AppDelegate.swift in Sources */,
				ED62BC10254C640A00450EF6 /* PreferenceEntryCell.swift in Sources */,
				EDB9FDA82530E8CF003C7AB6 /* WeatherManager.swift in Sources */,
				ED62BC0B254C627800450EF6 /* PreferenceSwitchCell.swift in Sources */,
				ED28432E254763F300F76CF1 /* SettingsTableViewController.swift in Sources */,
				EDB9FDB025310365003C7AB6 /* WeatherModel.swift in Sources */,
				ED48C5AB253E2ECE00AA7589 /* WeatherModelStore.swift in Sources */,
				ED77FA2A252A88BF0012DF0B /* SceneDelegate.swift in Sources */,
				EDD06960254C6680008DF6A2 /* SettingsModel.swift in Sources */,
			);
			runOnlyForDeploymentPostprocessing = 0;
		};
/* End PBXSourcesBuildPhase section */

/* Begin PBXVariantGroup section */
		ED77FA2D252A88BF0012DF0B /* Main.storyboard */ = {
			isa = PBXVariantGroup;
			children = (
				ED77FA2E252A88BF0012DF0B /* Base */,
			);
			name = Main.storyboard;
			sourceTree = "<group>";
		};
		ED77FA32252A88C20012DF0B /* LaunchScreen.storyboard */ = {
			isa = PBXVariantGroup;
			children = (
				ED77FA33252A88C20012DF0B /* Base */,
			);
			name = LaunchScreen.storyboard;
			sourceTree = "<group>";
		};
/* End PBXVariantGroup section */

/* Begin XCBuildConfiguration section */
		ED77FA36252A88C20012DF0B /* Debug */ = {
			isa = XCBuildConfiguration;
			buildSettings = {
				ALWAYS_SEARCH_USER_PATHS = NO;
				CLANG_ANALYZER_NONNULL = YES;
				CLANG_ANALYZER_NUMBER_OBJECT_CONVERSION = YES_AGGRESSIVE;
				CLANG_CXX_LANGUAGE_STANDARD = "gnu++14";
				CLANG_CXX_LIBRARY = "libc++";
				CLANG_ENABLE_MODULES = YES;
				CLANG_ENABLE_OBJC_ARC = YES;
				CLANG_ENABLE_OBJC_WEAK = YES;
				CLANG_WARN_BLOCK_CAPTURE_AUTORELEASING = YES;
				CLANG_WARN_BOOL_CONVERSION = YES;
				CLANG_WARN_COMMA = YES;
				CLANG_WARN_CONSTANT_CONVERSION = YES;
				CLANG_WARN_DEPRECATED_OBJC_IMPLEMENTATIONS = YES;
				CLANG_WARN_DIRECT_OBJC_ISA_USAGE = YES_ERROR;
				CLANG_WARN_DOCUMENTATION_COMMENTS = YES;
				CLANG_WARN_EMPTY_BODY = YES;
				CLANG_WARN_ENUM_CONVERSION = YES;
				CLANG_WARN_INFINITE_RECURSION = YES;
				CLANG_WARN_INT_CONVERSION = YES;
				CLANG_WARN_NON_LITERAL_NULL_CONVERSION = YES;
				CLANG_WARN_OBJC_IMPLICIT_RETAIN_SELF = YES;
				CLANG_WARN_OBJC_LITERAL_CONVERSION = YES;
				CLANG_WARN_OBJC_ROOT_CLASS = YES_ERROR;
				CLANG_WARN_QUOTED_INCLUDE_IN_FRAMEWORK_HEADER = YES;
				CLANG_WARN_RANGE_LOOP_ANALYSIS = YES;
				CLANG_WARN_STRICT_PROTOTYPES = YES;
				CLANG_WARN_SUSPICIOUS_MOVE = YES;
				CLANG_WARN_UNGUARDED_AVAILABILITY = YES_AGGRESSIVE;
				CLANG_WARN_UNREACHABLE_CODE = YES;
				CLANG_WARN__DUPLICATE_METHOD_MATCH = YES;
				COPY_PHASE_STRIP = NO;
				DEBUG_INFORMATION_FORMAT = dwarf;
				ENABLE_STRICT_OBJC_MSGSEND = YES;
				ENABLE_TESTABILITY = YES;
				GCC_C_LANGUAGE_STANDARD = gnu11;
				GCC_DYNAMIC_NO_PIC = NO;
				GCC_NO_COMMON_BLOCKS = YES;
				GCC_OPTIMIZATION_LEVEL = 0;
				GCC_PREPROCESSOR_DEFINITIONS = (
					"DEBUG=1",
					"$(inherited)",
				);
				GCC_WARN_64_TO_32_BIT_CONVERSION = YES;
				GCC_WARN_ABOUT_RETURN_TYPE = YES_ERROR;
				GCC_WARN_UNDECLARED_SELECTOR = YES;
				GCC_WARN_UNINITIALIZED_AUTOS = YES_AGGRESSIVE;
				GCC_WARN_UNUSED_FUNCTION = YES;
				GCC_WARN_UNUSED_VARIABLE = YES;
				IPHONEOS_DEPLOYMENT_TARGET = 14.0;
				MTL_ENABLE_DEBUG_INFO = INCLUDE_SOURCE;
				MTL_FAST_MATH = YES;
				ONLY_ACTIVE_ARCH = YES;
				SDKROOT = iphoneos;
				SWIFT_ACTIVE_COMPILATION_CONDITIONS = DEBUG;
				SWIFT_OPTIMIZATION_LEVEL = "-Onone";
			};
			name = Debug;
		};
		ED77FA37252A88C20012DF0B /* Release */ = {
			isa = XCBuildConfiguration;
			buildSettings = {
				ALWAYS_SEARCH_USER_PATHS = NO;
				CLANG_ANALYZER_NONNULL = YES;
				CLANG_ANALYZER_NUMBER_OBJECT_CONVERSION = YES_AGGRESSIVE;
				CLANG_CXX_LANGUAGE_STANDARD = "gnu++14";
				CLANG_CXX_LIBRARY = "libc++";
				CLANG_ENABLE_MODULES = YES;
				CLANG_ENABLE_OBJC_ARC = YES;
				CLANG_ENABLE_OBJC_WEAK = YES;
				CLANG_WARN_BLOCK_CAPTURE_AUTORELEASING = YES;
				CLANG_WARN_BOOL_CONVERSION = YES;
				CLANG_WARN_COMMA = YES;
				CLANG_WARN_CONSTANT_CONVERSION = YES;
				CLANG_WARN_DEPRECATED_OBJC_IMPLEMENTATIONS = YES;
				CLANG_WARN_DIRECT_OBJC_ISA_USAGE = YES_ERROR;
				CLANG_WARN_DOCUMENTATION_COMMENTS = YES;
				CLANG_WARN_EMPTY_BODY = YES;
				CLANG_WARN_ENUM_CONVERSION = YES;
				CLANG_WARN_INFINITE_RECURSION = YES;
				CLANG_WARN_INT_CONVERSION = YES;
				CLANG_WARN_NON_LITERAL_NULL_CONVERSION = YES;
				CLANG_WARN_OBJC_IMPLICIT_RETAIN_SELF = YES;
				CLANG_WARN_OBJC_LITERAL_CONVERSION = YES;
				CLANG_WARN_OBJC_ROOT_CLASS = YES_ERROR;
				CLANG_WARN_QUOTED_INCLUDE_IN_FRAMEWORK_HEADER = YES;
				CLANG_WARN_RANGE_LOOP_ANALYSIS = YES;
				CLANG_WARN_STRICT_PROTOTYPES = YES;
				CLANG_WARN_SUSPICIOUS_MOVE = YES;
				CLANG_WARN_UNGUARDED_AVAILABILITY = YES_AGGRESSIVE;
				CLANG_WARN_UNREACHABLE_CODE = YES;
				CLANG_WARN__DUPLICATE_METHOD_MATCH = YES;
				COPY_PHASE_STRIP = NO;
				DEBUG_INFORMATION_FORMAT = "dwarf-with-dsym";
				ENABLE_NS_ASSERTIONS = NO;
				ENABLE_STRICT_OBJC_MSGSEND = YES;
				GCC_C_LANGUAGE_STANDARD = gnu11;
				GCC_NO_COMMON_BLOCKS = YES;
				GCC_WARN_64_TO_32_BIT_CONVERSION = YES;
				GCC_WARN_ABOUT_RETURN_TYPE = YES_ERROR;
				GCC_WARN_UNDECLARED_SELECTOR = YES;
				GCC_WARN_UNINITIALIZED_AUTOS = YES_AGGRESSIVE;
				GCC_WARN_UNUSED_FUNCTION = YES;
				GCC_WARN_UNUSED_VARIABLE = YES;
				IPHONEOS_DEPLOYMENT_TARGET = 14.0;
				MTL_ENABLE_DEBUG_INFO = NO;
				MTL_FAST_MATH = YES;
				SDKROOT = iphoneos;
				SWIFT_COMPILATION_MODE = wholemodule;
				SWIFT_OPTIMIZATION_LEVEL = "-O";
				VALIDATE_PRODUCT = YES;
			};
			name = Release;
		};
		ED77FA39252A88C20012DF0B /* Debug */ = {
			isa = XCBuildConfiguration;
			buildSettings = {
				ASSETCATALOG_COMPILER_APPICON_NAME = AppIcon;
				ASSETCATALOG_COMPILER_GLOBAL_ACCENT_COLOR_NAME = AccentColor;
				CODE_SIGN_STYLE = Automatic;
				DEVELOPMENT_TEAM = 67PTY95QDR;
				INFOPLIST_FILE = runTime/Info.plist;
				LD_RUNPATH_SEARCH_PATHS = (
					"$(inherited)",
					"@executable_path/Frameworks",
				);
				PRODUCT_BUNDLE_IDENTIFIER = "Michael-Taylor.runTime";
				PRODUCT_NAME = "$(TARGET_NAME)";
				SWIFT_VERSION = 5.0;
				TARGETED_DEVICE_FAMILY = "1,2";
			};
			name = Debug;
		};
		ED77FA3A252A88C20012DF0B /* Release */ = {
			isa = XCBuildConfiguration;
			buildSettings = {
				ASSETCATALOG_COMPILER_APPICON_NAME = AppIcon;
				ASSETCATALOG_COMPILER_GLOBAL_ACCENT_COLOR_NAME = AccentColor;
				CODE_SIGN_STYLE = Automatic;
				DEVELOPMENT_TEAM = 67PTY95QDR;
				INFOPLIST_FILE = runTime/Info.plist;
				LD_RUNPATH_SEARCH_PATHS = (
					"$(inherited)",
					"@executable_path/Frameworks",
				);
				PRODUCT_BUNDLE_IDENTIFIER = "Michael-Taylor.runTime";
				PRODUCT_NAME = "$(TARGET_NAME)";
				SWIFT_VERSION = 5.0;
				TARGETED_DEVICE_FAMILY = "1,2";
			};
			name = Release;
		};
/* End XCBuildConfiguration section */

/* Begin XCConfigurationList section */
		ED77FA1F252A88BF0012DF0B /* Build configuration list for PBXProject "runTime" */ = {
			isa = XCConfigurationList;
			buildConfigurations = (
				ED77FA36252A88C20012DF0B /* Debug */,
				ED77FA37252A88C20012DF0B /* Release */,
			);
			defaultConfigurationIsVisible = 0;
			defaultConfigurationName = Release;
		};
		ED77FA38252A88C20012DF0B /* Build configuration list for PBXNativeTarget "runTime" */ = {
			isa = XCConfigurationList;
			buildConfigurations = (
				ED77FA39252A88C20012DF0B /* Debug */,
				ED77FA3A252A88C20012DF0B /* Release */,
			);
			defaultConfigurationIsVisible = 0;
			defaultConfigurationName = Release;
		};
/* End XCConfigurationList section */

/* Begin XCVersionGroup section */
		EDD06962254C8707008DF6A2 /* runTime.xcdatamodeld */ = {
			isa = XCVersionGroup;
			children = (
				EDD06963254C8707008DF6A2 /* Settings.xcdatamodel */,
			);
			currentVersion = EDD06963254C8707008DF6A2 /* Settings.xcdatamodel */;
			path = runTime.xcdatamodeld;
			sourceTree = "<group>";
			versionGroupType = wrapper.xcdatamodel;
		};
/* End XCVersionGroup section */
	};
	rootObject = ED77FA1C252A88BF0012DF0B /* Project object */;
}
